
Microsoft Visual Studio Solution File, Format Version 12.00
# Visual Studio 2013
VisualStudioVersion = 12.0.30723.0
MinimumVisualStudioVersion = 10.0.40219.1
Project("{F184B08F-C81C-45F6-A57F-5ABD9991F28F}") = "Prickbreakers.HardwareM.Datos", "Prickbreakers.HardwareM.Datos\Prickbreakers.HardwareM.Datos.vbproj", "{6C004EAF-3D74-4E70-9E9E-311952BD7740}"
EndProject
Project("{F184B08F-C81C-45F6-A57F-5ABD9991F28F}") = "Prickbreakers.HardwareM.Negocio", "Prickbreakers.HardwareM.Negocio\Prickbreakers.HardwareM.Negocio.vbproj", "{8AEF2297-251F-4541-B3B8-C15EB9BEDD6B}"
EndProject
Project("{F184B08F-C81C-45F6-A57F-5ABD9991F28F}") = "Prickbreakers.HardwareM.PBApp", "Prickbreakers.HardwareM.PBApp\Prickbreakers.HardwareM.PBApp.vbproj", "{314E3EDF-686E-427F-8A43-14FCE4187D3E}"
EndProject
Global
	GlobalSection(SolutionConfigurationPlatforms) = preSolution
		Debug|Any CPU = Debug|Any CPU
		Release|Any CPU = Release|Any CPU
	EndGlobalSection
	GlobalSection(ProjectConfigurationPlatforms) = postSolution
		{6C004EAF-3D74-4E70-9E9E-311952BD7740}.Debug|Any CPU.ActiveCfg = Debug|Any CPU
		{6C004EAF-3D74-4E70-9E9E-311952BD7740}.Debug|Any CPU.Build.0 = Debug|Any CPU
		{6C004EAF-3D74-4E70-9E9E-311952BD7740}.Release|Any CPU.ActiveCfg = Release|Any CPU
		{6C004EAF-3D74-4E70-9E9E-311952BD7740}.Release|Any CPU.Build.0 = Release|Any CPU
		{8AEF2297-251F-4541-B3B8-C15EB9BEDD6B}.Debug|Any CPU.ActiveCfg = Debug|Any CPU
		{8AEF2297-251F-4541-B3B8-C15EB9BEDD6B}.Debug|Any CPU.Build.0 = Debug|Any CPU
		{8AEF2297-251F-4541-B3B8-C15EB9BEDD6B}.Release|Any CPU.ActiveCfg = Release|Any CPU
		{8AEF2297-251F-4541-B3B8-C15EB9BEDD6B}.Release|Any CPU.Build.0 = Release|Any CPU
		{314E3EDF-686E-427F-8A43-14FCE4187D3E}.Debug|Any CPU.ActiveCfg = Debug|Any CPU
		{314E3EDF-686E-427F-8A43-14FCE4187D3E}.Debug|Any CPU.Build.0 = Debug|Any CPU
		{314E3EDF-686E-427F-8A43-14FCE4187D3E}.Release|Any CPU.ActiveCfg = Release|Any CPU
		{314E3EDF-686E-427F-8A43-14FCE4187D3E}.Release|Any CPU.Build.0 = Release|Any CPU
	EndGlobalSection
	GlobalSection(SolutionProperties) = preSolution
		HideSolutionNode = FALSE
	EndGlobalSection
EndGlobal
